// !$*UTF8*$!
{
	archiveVersion = 1;
	classes = {
	};
	objectVersion = 46;
	objects = {

/* Begin PBXBuildFile section */
		0FB6769B1C7AC41F005DD592 /* AppDelegate.swift in Sources */ = {isa = PBXBuildFile; fileRef = 0FB6769A1C7AC41F005DD592 /* AppDelegate.swift */; };
		0FB6769D1C7AC41F005DD592 /* FirstViewController.swift in Sources */ = {isa = PBXBuildFile; fileRef = 0FB6769C1C7AC41F005DD592 /* FirstViewController.swift */; };
		0FB6769F1C7AC41F005DD592 /* SecondViewController.swift in Sources */ = {isa = PBXBuildFile; fileRef = 0FB6769E1C7AC41F005DD592 /* SecondViewController.swift */; };
		0FB676A21C7AC41F005DD592 /* Main.storyboard in Resources */ = {isa = PBXBuildFile; fileRef = 0FB676A01C7AC41F005DD592 /* Main.storyboard */; };
		0FB676A41C7AC41F005DD592 /* Assets.xcassets in Resources */ = {isa = PBXBuildFile; fileRef = 0FB676A31C7AC41F005DD592 /* Assets.xcassets */; };
		0FB676A71C7AC41F005DD592 /* LaunchScreen.storyboard in Resources */ = {isa = PBXBuildFile; fileRef = 0FB676A51C7AC41F005DD592 /* LaunchScreen.storyboard */; };
		0FC34B1E1C83DF0100C0E57D /* Model.swift in Sources */ = {isa = PBXBuildFile; fileRef = 0FC34B1D1C83DF0100C0E57D /* Model.swift */; };
		0FC34B201C83E04800C0E57D /* StatsViewController.swift in Sources */ = {isa = PBXBuildFile; fileRef = 0FC34B1F1C83E04800C0E57D /* StatsViewController.swift */; };
/* End PBXBuildFile section */

/* Begin PBXFileReference section */
		0FB676971C7AC41F005DD592 /* toDoList.app */ = {isa = PBXFileReference; explicitFileType = wrapper.application; includeInIndex = 0; path = toDoList.app; sourceTree = BUILT_PRODUCTS_DIR; };
		0FB6769A1C7AC41F005DD592 /* AppDelegate.swift */ = {isa = PBXFileReference; lastKnownFileType = sourcecode.swift; path = AppDelegate.swift; sourceTree = "<group>"; };
		0FB6769C1C7AC41F005DD592 /* FirstViewController.swift */ = {isa = PBXFileReference; lastKnownFileType = sourcecode.swift; path = FirstViewController.swift; sourceTree = "<group>"; };
		0FB6769E1C7AC41F005DD592 /* SecondViewController.swift */ = {isa = PBXFileReference; lastKnownFileType = sourcecode.swift; path = SecondViewController.swift; sourceTree = "<group>"; };
		0FB676A11C7AC41F005DD592 /* Base */ = {isa = PBXFileReference; lastKnownFileType = file.storyboard; name = Base; path = Base.lproj/Main.storyboard; sourceTree = "<group>"; };
		0FB676A31C7AC41F005DD592 /* Assets.xcassets */ = {isa = PBXFileReference; lastKnownFileType = folder.assetcatalog; path = Assets.xcassets; sourceTree = "<group>"; };
		0FB676A61C7AC41F005DD592 /* Base */ = {isa = PBXFileReference; lastKnownFileType = file.storyboard; name = Base; path = Base.lproj/LaunchScreen.storyboard; sourceTree = "<group>"; };
		0FB676A81C7AC41F005DD592 /* Info.plist */ = {isa = PBXFileReference; lastKnownFileType = text.plist.xml; path = Info.plist; sourceTree = "<group>"; };
		0FC34B1D1C83DF0100C0E57D /* Model.swift */ = {isa = PBXFileReference; fileEncoding = 4; lastKnownFileType = sourcecode.swift; path = Model.swift; sourceTree = "<group>"; };
		0FC34B1F1C83E04800C0E57D /* StatsViewController.swift */ = {isa = PBXFileReference; fileEncoding = 4; lastKnownFileType = sourcecode.swift; path = StatsViewController.swift; sourceTree = "<group>"; };
/* End PBXFileReference section */

/* Begin PBXFrameworksBuildPhase section */
		0FB676941C7AC41E005DD592 /* Frameworks */ = {
			isa = PBXFrameworksBuildPhase;
			buildActionMask = 2147483647;
			files = (
			);
			runOnlyForDeploymentPostprocessing = 0;
		};
/* End PBXFrameworksBuildPhase section */

/* Begin PBXGroup section */
		0FB6768E1C7AC41E005DD592 = {
			isa = PBXGroup;
			children = (
				0FB676991C7AC41F005DD592 /* toDoList */,
				0FB676981C7AC41F005DD592 /* Products */,
			);
			sourceTree = "<group>";
		};
		0FB676981C7AC41F005DD592 /* Products */ = {
			isa = PBXGroup;
			children = (
				0FB676971C7AC41F005DD592 /* toDoList.app */,
			);
			name = Products;
			sourceTree = "<group>";
		};
		0FB676991C7AC41F005DD592 /* toDoList */ = {
			isa = PBXGroup;
			children = (
				0FB6769A1C7AC41F005DD592 /* AppDelegate.swift */,
				0FB6769C1C7AC41F005DD592 /* FirstViewController.swift */,
				0FB6769E1C7AC41F005DD592 /* SecondViewController.swift */,
				0FB676A01C7AC41F005DD592 /* Main.storyboard */,
				0FB676A31C7AC41F005DD592 /* Assets.xcassets */,
				0FB676A51C7AC41F005DD592 /* LaunchScreen.storyboard */,
				0FB676A81C7AC41F005DD592 /* Info.plist */,
				0FC34B1D1C83DF0100C0E57D /* Model.swift */,
				0FC34B1F1C83E04800C0E57D /* StatsViewController.swift */,
			);
			path = toDoList;
			sourceTree = "<group>";
		};
/* End PBXGroup section */

/* Begin PBXNativeTarget section */
		0FB676961C7AC41E005DD592 /* toDoList */ = {
			isa = PBXNativeTarget;
			buildConfigurationList = 0FB676AB1C7AC41F005DD592 /* Build configuration list for PBXNativeTarget "toDoList" */;
			buildPhases = (
				0FB676931C7AC41E005DD592 /* Sources */,
				0FB676941C7AC41E005DD592 /* Frameworks */,
				0FB676951C7AC41E005DD592 /* Resources */,
			);
			buildRules = (
			);
			dependencies = (
			);
			name = toDoList;
			productName = toDoList;
			productReference = 0FB676971C7AC41F005DD592 /* toDoList.app */;
			productType = "com.apple.product-type.application";
		};
/* End PBXNativeTarget section */

/* Begin PBXProject section */
		0FB6768F1C7AC41E005DD592 /* Project object */ = {
			isa = PBXProject;
			attributes = {
				LastSwiftUpdateCheck = 0720;
				LastUpgradeCheck = 0720;
				ORGANIZATIONNAME = "iOS Decal";
				TargetAttributes = {
					0FB676961C7AC41E005DD592 = {
						CreatedOnToolsVersion = 7.2.1;
					};
				};
			};
			buildConfigurationList = 0FB676921C7AC41E005DD592 /* Build configuration list for PBXProject "toDoList" */;
			compatibilityVersion = "Xcode 3.2";
			developmentRegion = English;
			hasScannedForEncodings = 0;
			knownRegions = (
				en,
				Base,
			);
			mainGroup = 0FB6768E1C7AC41E005DD592;
			productRefGroup = 0FB676981C7AC41F005DD592 /* Products */;
			projectDirPath = "";
			projectRoot = "";
			targets = (
				0FB676961C7AC41E005DD592 /* toDoList */,
			);
		};
/* End PBXProject section */

/* Begin PBXResourcesBuildPhase section */
		0FB676951C7AC41E005DD592 /* Resources */ = {
			isa = PBXResourcesBuildPhase;
			buildActionMask = 2147483647;
			files = (
				0FB676A71C7AC41F005DD592 /* LaunchScreen.storyboard in Resources */,
				0FB676A41C7AC41F005DD592 /* Assets.xcassets in Resources */,
				0FB676A21C7AC41F005DD592 /* Main.storyboard in Resources */,
			);
			runOnlyForDeploymentPostprocessing = 0;
		};
/* End PBXResourcesBuildPhase section */

/* Begin PBXSourcesBuildPhase section */
		0FB676931C7AC41E005DD592 /* Sources */ = {
			isa = PBXSourcesBuildPhase;
			buildActionMask = 2147483647;
			files = (
				0FC34B1E1C83DF0100C0E57D /* Model.swift in Sources */,
				0FB6769F1C7AC41F005DD592 /* SecondViewController.swift in Sources */,
				0FB6769B1C7AC41F005DD592 /* AppDelegate.swift in Sources */,
				0FC34B201C83E04800C0E57D /* StatsViewController.swift in Sources */,
				0FB6769D1C7AC41F005DD592 /* FirstViewController.swift in Sources */,
			);
			runOnlyForDeploymentPostprocessing = 0;
		};
/* End PBXSourcesBuildPhase section */

/* Begin PBXVariantGroup section */
		0FB676A01C7AC41F005DD592 /* Main.storyboard */ = {
			isa = PBXVariantGroup;
			children = (
				0FB676A11C7AC41F005DD592 /* Base */,
			);
			name = Main.storyboard;
			sourceTree = "<group>";
		};
		0FB676A51C7AC41F005DD592 /* LaunchScreen.storyboard */ = {
			isa = PBXVariantGroup;
			children = (
				0FB676A61C7AC41F005DD592 /* Base */,
			);
			name = LaunchScreen.storyboard;
			sourceTree = "<group>";
		};
/* End PBXVariantGroup section */

/* Begin XCBuildConfiguration section */
		0FB676A91C7AC41F005DD592 /* Debug */ = {
			isa = XCBuildConfiguration;
			buildSettings = {
				ALWAYS_SEARCH_USER_PATHS = NO;
				CLANG_CXX_LANGUAGE_STANDARD = "gnu++0x";
				CLANG_CXX_LIBRARY = "libc++";
				CLANG_ENABLE_MODULES = YES;
				CLANG_ENABLE_OBJC_ARC = YES;
				CLANG_WARN_BOOL_CONVERSION = YES;
				CLANG_WARN_CONSTANT_CONVERSION = YES;
				CLANG_WARN_DIRECT_OBJC_ISA_USAGE = YES_ERROR;
				CLANG_WARN_EMPTY_BODY = YES;
				CLANG_WARN_ENUM_CONVERSION = YES;
				CLANG_WARN_INT_CONVERSION = YES;
				CLANG_WARN_OBJC_ROOT_CLASS = YES_ERROR;
				CLANG_WARN_UNREACHABLE_CODE = YES;
				CLANG_WARN__DUPLICATE_METHOD_MATCH = YES;
				"CODE_SIGN_IDENTITY[sdk=iphoneos*]" = "iPhone Developer";
				COPY_PHASE_STRIP = NO;
				DEBUG_INFORMATION_FORMAT = dwarf;
				ENABLE_STRICT_OBJC_MSGSEND = YES;
				ENABLE_TESTABILITY = YES;
				GCC_C_LANGUAGE_STANDARD = gnu99;
				GCC_DYNAMIC_NO_PIC = NO;
				GCC_NO_COMMON_BLOCKS = YES;
				GCC_OPTIMIZATION_LEVEL = 0;
				GCC_PREPROCESSOR_DEFINITIONS = (
					"DEBUG=1",
					"$(inherited)",
				);
				GCC_WARN_64_TO_32_BIT_CONVERSION = YES;
				GCC_WARN_ABOUT_RETURN_TYPE = YES_ERROR;
				GCC_WARN_UNDECLARED_SELECTOR = YES;
				GCC_WARN_UNINITIALIZED_AUTOS = YES_AGGRESSIVE;
				GCC_WARN_UNUSED_FUNCTION = YES;
				GCC_WARN_UNUSED_VARIABLE = YES;
				IPHONEOS_DEPLOYMENT_TARGET = 9.2;
				MTL_ENABLE_DEBUG_INFO = YES;
				ONLY_ACTIVE_ARCH = YES;
				SDKROOT = iphoneos;
				SWIFT_OPTIMIZATION_LEVEL = "-Onone";
			};
			name = Debug;
		};
		0FB676AA1C7AC41F005DD592 /* Release */ = {
			isa = XCBuildConfiguration;
			buildSettings = {
				ALWAYS_SEARCH_USER_PATHS = NO;
				CLANG_CXX_LANGUAGE_STANDARD = "gnu++0x";
				CLANG_CXX_LIBRARY = "libc++";
				CLANG_ENABLE_MODULES = YES;
				CLANG_ENABLE_OBJC_ARC = YES;
				CLANG_WARN_BOOL_CONVERSION = YES;
				CLANG_WARN_CONSTANT_CONVERSION = YES;
				CLANG_WARN_DIRECT_OBJC_ISA_USAGE = YES_ERROR;
				CLANG_WARN_EMPTY_BODY = YES;
				CLANG_WARN_ENUM_CONVERSION = YES;
				CLANG_WARN_INT_CONVERSION = YES;
				CLANG_WARN_OBJC_ROOT_CLASS = YES_ERROR;
				CLANG_WARN_UNREACHABLE_CODE = YES;
				CLANG_WARN__DUPLICATE_METHOD_MATCH = YES;
				"CODE_SIGN_IDENTITY[sdk=iphoneos*]" = "iPhone Developer";
				COPY_PHASE_STRIP = NO;
				DEBUG_INFORMATION_FORMAT = "dwarf-with-dsym";
				ENABLE_NS_ASSERTIONS = NO;
				ENABLE_STRICT_OBJC_MSGSEND = YES;
				GCC_C_LANGUAGE_STANDARD = gnu99;
				GCC_NO_COMMON_BLOCKS = YES;
				GCC_WARN_64_TO_32_BIT_CONVERSION = YES;
				GCC_WARN_ABOUT_RETURN_TYPE = YES_ERROR;
				GCC_WARN_UNDECLARED_SELECTOR = YES;
				GCC_WARN_UNINITIALIZED_AUTOS = YES_AGGRESSIVE;
				GCC_WARN_UNUSED_FUNCTION = YES;
				GCC_WARN_UNUSED_VARIABLE = YES;
				IPHONEOS_DEPLOYMENT_TARGET = 9.2;
				MTL_ENABLE_DEBUG_INFO = NO;
				SDKROOT = iphoneos;
				VALIDATE_PRODUCT = YES;
			};
			name = Release;
		};
		0FB676AC1C7AC41F005DD592 /* Debug */ = {
			isa = XCBuildConfiguration;
			buildSettings = {
				ASSETCATALOG_COMPILER_APPICON_NAME = AppIcon;
				INFOPLIST_FILE = toDoList/Info.plist;
				LD_RUNPATH_SEARCH_PATHS = "$(inherited) @executable_path/Frameworks";
				PRODUCT_BUNDLE_IDENTIFIER = yonas024.toDoList;
				PRODUCT_NAME = "$(TARGET_NAME)";
			};
			name = Debug;
		};
		0FB676AD1C7AC41F005DD592 /* Release */ = {
			isa = XCBuildConfiguration;
			buildSettings = {
				ASSETCATALOG_COMPILER_APPICON_NAME = AppIcon;
				INFOPLIST_FILE = toDoList/Info.plist;
				LD_RUNPATH_SEARCH_PATHS = "$(inherited) @executable_path/Frameworks";
				PRODUCT_BUNDLE_IDENTIFIER = yonas024.toDoList;
				PRODUCT_NAME = "$(TARGET_NAME)";
			};
			name = Release;
		};
/* End XCBuildConfiguration section */

/* Begin XCConfigurationList section */
		0FB676921C7AC41E005DD592 /* Build configuration list for PBXProject "toDoList" */ = {
			isa = XCConfigurationList;
			buildConfigurations = (
				0FB676A91C7AC41F005DD592 /* Debug */,
				0FB676AA1C7AC41F005DD592 /* Release */,
			);
			defaultConfigurationIsVisible = 0;
			defaultConfigurationName = Release;
		};
		0FB676AB1C7AC41F005DD592 /* Build configuration list for PBXNativeTarget "toDoList" */ = {
			isa = XCConfigurationList;
			buildConfigurations = (
				0FB676AC1C7AC41F005DD592 /* Debug */,
				0FB676AD1C7AC41F005DD592 /* Release */,
			);
			defaultConfigurationIsVisible = 0;
			defaultConfigurationName = Release;
		};
/* End XCConfigurationList section */
	};
	rootObject = 0FB6768F1C7AC41E005DD592 /* Project object */;
}
